PODS:
  - MBProgressHUD (1.2.0)
  - SBTickerView (1.0.0)

DEPENDENCIES:
  - MBProgressHUD (~> 1.2)
  - SBTickerView

SPEC REPOS:
  https://github.com/CocoaPods/Specs.git:
    - MBProgressHUD
    - SBTickerView

SPEC CHECKSUMS:
  MBProgressHUD: 3ee5efcc380f6a79a7cc9b363dd669c5e1ae7406
  SBTickerView: 981ebcf79ae8bde172df46467e08e57c6c386eda

PODFILE CHECKSUM: 3edb53d32ed1b9ddd075d39b1546c9751bba8fe8

COCOAPODS: 1.8.3
